// !$*UTF8*$!
{
	archiveVersion = 1;
	classes = {
	};
	objectVersion = 50;
	objects = {

/* Begin PBXGroup section */
		E3E23C22203F0422009BF5CB = {
			isa = PBXGroup;
			children = (
			);
			sourceTree = "<group>";
		};
/* End PBXGroup section */

/* Begin PBXProject section */
		E3E23C23203F0422009BF5CB /* Project object */ = {
			isa = PBXProject;
			attributes = {
				LastUpgradeCheck = 0930;
			};
			buildConfigurationList = E3E23C26203F0422009BF5CB /* Build configuration list for PBXProject "JSONRPC-Build" */;
			compatibilityVersion = "Xcode 9.3";
			developmentRegion = en;
			hasScannedForEncodings = 0;
			knownRegions = (
				en,
			);
			mainGroup = E3E23C22203F0422009BF5CB;
			projectDirPath = "";
			projectRoot = "";
			targets = (
			);
		};
/* End PBXProject section */

/* Begin XCBuildConfiguration section */
		E3E23C27203F0422009BF5CB /* Debug */ = {
			isa = XCBuildConfiguration;
			buildSettings = {
			};
			name = Debug;
		};
		E3E23C28203F0422009BF5CB /* Release */ = {
			isa = XCBuildConfiguration;
			buildSettings = {
			};
			name = Release;
		};
/* End XCBuildConfiguration section */

/* Begin XCConfigurationList section */
		E3E23C26203F0422009BF5CB /* Build configuration list for PBXProject "JSONRPC-Build" */ = {
			isa = XCConfigurationList;
			buildConfigurations = (
				E3E23C27203F0422009BF5CB /* Debug */,
				E3E23C28203F0422009BF5CB /* Release */,
			);
			defaultConfigurationIsVisible = 0;
			defaultConfigurationName = Release;
		};
/* End XCConfigurationList section */
	};
	rootObject = E3E23C23203F0422009BF5CB /* Project object */;
}
